
Microsoft Visual Studio Solution File, Format Version 12.00
# Visual Studio Version 16
VisualStudioVersion = 16.0.29306.81
MinimumVisualStudioVersion = 10.0.40219.1
Project("{8BC9CEB8-8B4A-11D0-8D11-00A0C91BC942}") = "Project2", "Project2.vcxproj", "{DCBF7733-15A8-4EFA-A939-F471765C84B7}"
EndProject
Global
	GlobalSection(SolutionConfigurationPlatforms) = preSolution
		Debug|x64 = Debug|x64
		Debug|x86 = Debug|x86
		Release|x64 = Release|x64
		Release|x86 = Release|x86
	EndGlobalSection
	GlobalSection(ProjectConfigurationPlatforms) = postSolution
		{DCBF7733-15A8-4EFA-A939-F471765C84B7}.Debug|x64.ActiveCfg = Debug|x64
		{DCBF7733-15A8-4EFA-A939-F471765C84B7}.Debug|x64.Build.0 = Debug|x64
		{DCBF7733-15A8-4EFA-A939-F471765C84B7}.Debug|x86.ActiveCfg = Debug|Win32
		{DCBF7733-15A8-4EFA-A939-F471765C84B7}.Debug|x86.Build.0 = Debug|Win32
		{DCBF7733-15A8-4EFA-A939-F471765C84B7}.Release|x64.ActiveCfg = Release|x64
		{DCBF7733-15A8-4EFA-A939-F471765C84B7}.Release|x64.Build.0 = Release|x64
		{DCBF7733-15A8-4EFA-A939-F471765C84B7}.Release|x86.ActiveCfg = Release|Win32
		{DCBF7733-15A8-4EFA-A939-F471765C84B7}.Release|x86.Build.0 = Release|Win32
	EndGlobalSection
	GlobalSection(SolutionProperties) = preSolution
		HideSolutionNode = FALSE
	EndGlobalSection
	GlobalSection(ExtensibilityGlobals) = postSolution
		SolutionGuid = {B82B312D-D40C-4551-8EB6-24AA65F7AACA}
	EndGlobalSection
EndGlobal
